<?xml version="1.0" encoding="utf-8"?>
<Project ToolsVersion="4.0" xmlns="http://schemas.microsoft.com/developer/msbuild/2003">
  <ItemGroup>
    <Filter Include="Файлы заголовков">
      <UniqueIdentifier>{93995380-89BD-4b04-88EB-625FBE52EBFB}</UniqueIdentifier>
      <Extensions>h;hh;hpp;hxx;h++;hm;inl;inc;ipp;xsd</Extensions>
    </Filter>
    <Filter Include="Файлы ресурсов">
      <UniqueIdentifier>{67DA6AB6-F800-4c08-8B7A-83BB121AAD01}</UniqueIdentifier>
      <Extensions>rc;ico;cur;bmp;dlg;rc2;rct;bin;rgs;gif;jpg;jpeg;jpe;resx;tiff;tif;png;wav;mfcribbon-ms</Extensions>
    </Filter>
    <Filter Include="Файлы заголовков\frontend">
      <UniqueIdentifier>{2fa99aa8-eb3c-4289-ad49-460fc1e430bd}</UniqueIdentifier>
    </Filter>
    <Filter Include="Файлы заголовков\backend">
      <UniqueIdentifier>{fe8f3d7b-3e3c-4777-97d8-3636042f00dc}</UniqueIdentifier>
    </Filter>
    <Filter Include="Файлы заголовков\backend\Common">
      <UniqueIdentifier>{eadd660d-ab36-44c5-8bfa-ef6ad17034cc}</UniqueIdentifier>
    </Filter>
    <Filter Include="Файлы заголовков\backend\Compilation">
      <UniqueIdentifier>{b4a07283-5ff6-49e0-b8ba-d6129f7e8099}</UniqueIdentifier>
    </Filter>
    <Filter Include="Файлы заголовков\backend\Compilation\Objects">
      <UniqueIdentifier>{97c12b19-244c-4287-98d6-285919fabe53}</UniqueIdentifier>
    </Filter>
    <Filter Include="Файлы заголовков\backend\Map">
      <UniqueIdentifier>{6a825fce-ddee-4176-9d07-125e19d279f6}</UniqueIdentifier>
    </Filter>
    <Filter Include="Файлы заголовков\backend\UserCode">
      <UniqueIdentifier>{fc4ba67b-7c14-4aac-9e4b-d997548ec9ee}</UniqueIdentifier>
    </Filter>
    <Filter Include="Файлы заголовков\frontend\lists">
      <UniqueIdentifier>{eed8975b-8c55-4c95-b29d-ec3ff639b99c}</UniqueIdentifier>
    </Filter>
    <Filter Include="Исходные файлы">
      <UniqueIdentifier>{4FC737F1-C7A5-4376-A066-2A32D752A2FF}</UniqueIdentifier>
      <Extensions>cpp;c;cc;cxx;c++;cppm;ixx;def;odl;idl;hpj;bat;asm;asmx</Extensions>
    </Filter>
    <Filter Include="Исходные файлы\backend">
      <UniqueIdentifier>{2448a16c-d4db-4459-b4a9-62a514db67fd}</UniqueIdentifier>
    </Filter>
    <Filter Include="Исходные файлы\backend\Common">
      <UniqueIdentifier>{0b66c783-4bd1-4ebf-8225-75bc8261a3d8}</UniqueIdentifier>
    </Filter>
    <Filter Include="Исходные файлы\backend\Compilation">
      <UniqueIdentifier>{8265df59-0a9c-47e5-92d5-acd74110ad69}</UniqueIdentifier>
    </Filter>
    <Filter Include="Исходные файлы\backend\Compilation\Objects">
      <UniqueIdentifier>{83f7b854-737d-4ba8-a2eb-af9c3698a41e}</UniqueIdentifier>
    </Filter>
    <Filter Include="Исходные файлы\backend\Map">
      <UniqueIdentifier>{4b268595-93a3-4c6b-ad85-9690a15fa067}</UniqueIdentifier>
    </Filter>
    <Filter Include="Исходные файлы\backend\UserCode">
      <UniqueIdentifier>{66e8a35f-a2ae-4712-bd0c-93fb738936d0}</UniqueIdentifier>
    </Filter>
    <Filter Include="Исходные файлы\frontend">
      <UniqueIdentifier>{34cd8045-d698-4012-b042-3693bba137e4}</UniqueIdentifier>
    </Filter>
  </ItemGroup>
  <ItemGroup>
    <ClCompile Include="Робот в лабиринте 2022.cpp">
      <Filter>Исходные файлы</Filter>
    </ClCompile>
    <ClCompile Include="backend\Common\Common.cpp">
      <Filter>Исходные файлы\backend\Common</Filter>
    </ClCompile>
    <ClCompile Include="backend\Common\FileReader.cpp">
      <Filter>Исходные файлы\backend\Common</Filter>
    </ClCompile>
    <ClCompile Include="backend\Compilation\Objects\CommandLine.cpp">
      <Filter>Исходные файлы\backend\Compilation\Objects</Filter>
    </ClCompile>
    <ClCompile Include="backend\Compilation\Objects\GameError.cpp">
      <Filter>Исходные файлы\backend\Compilation\Objects</Filter>
    </ClCompile>
    <ClCompile Include="backend\Compilation\Objects\Interpreter.cpp">
      <Filter>Исходные файлы\backend\Compilation\Objects</Filter>
    </ClCompile>
    <ClCompile Include="backend\Compilation\Compilation.cpp">
      <Filter>Исходные файлы\backend\Compilation</Filter>
    </ClCompile>
    <ClCompile Include="backend\Map\MapCell.cpp">
      <Filter>Исходные файлы\backend\Map</Filter>
    </ClCompile>
    <ClCompile Include="backend\Map\Maze.cpp">
      <Filter>Исходные файлы\backend\Map</Filter>
    </ClCompile>
    <ClCompile Include="backend\Map\Robot.cpp">
      <Filter>Исходные файлы\backend\Map</Filter>
    </ClCompile>
    <ClCompile Include="backend\UserCode\CodeCell.cpp">
      <Filter>Исходные файлы\backend\UserCode</Filter>
    </ClCompile>
    <ClCompile Include="backend\UserCode\UserCode.cpp">
      <Filter>Исходные файлы\backend\UserCode</Filter>
    </ClCompile>
    <ClCompile Include="frontend\DrawFunctions.cpp">
      <Filter>Исходные файлы\frontend</Filter>
    </ClCompile>
    <ClCompile Include="frontend\GameMaster.cpp">
      <Filter>Исходные файлы\frontend</Filter>
    </ClCompile>
  </ItemGroup>
  <ItemGroup>
    <ClInclude Include="backend\Common\Common.h">
      <Filter>Файлы заголовков\backend\Common</Filter>
    </ClInclude>
    <ClInclude Include="backend\Common\Database.h">
      <Filter>Файлы заголовков\backend\Common</Filter>
    </ClInclude>
    <ClInclude Include="backend\Common\FileReader.h">
      <Filter>Файлы заголовков\backend\Common</Filter>
    </ClInclude>
    <ClInclude Include="backend\Compilation\Objects\CommandLine.h">
      <Filter>Файлы заголовков\backend\Compilation\Objects</Filter>
    </ClInclude>
    <ClInclude Include="backend\Compilation\Objects\GameError.h">
      <Filter>Файлы заголовков\backend\Compilation\Objects</Filter>
    </ClInclude>
    <ClInclude Include="backend\Compilation\Objects\Interpreter.h">
      <Filter>Файлы заголовков\backend\Compilation\Objects</Filter>
    </ClInclude>
    <ClInclude Include="backend\Compilation\Compilation.h">
      <Filter>Файлы заголовков\backend\Compilation</Filter>
    </ClInclude>
    <ClInclude Include="backend\Compilation\LexicalUnits.h">
      <Filter>Файлы заголовков\backend\Compilation</Filter>
    </ClInclude>
    <ClInclude Include="backend\Compilation\TypeOperation.h">
      <Filter>Файлы заголовков\backend\Compilation</Filter>
    </ClInclude>
    <ClInclude Include="backend\Map\MapCell.h">
      <Filter>Файлы заголовков\backend\Map</Filter>
    </ClInclude>
    <ClInclude Include="backend\Map\Maze.h">
      <Filter>Файлы заголовков\backend\Map</Filter>
    </ClInclude>
    <ClInclude Include="backend\Map\Robot.h">
      <Filter>Файлы заголовков\backend\Map</Filter>
    </ClInclude>
    <ClInclude Include="backend\UserCode\CodeCell.h">
      <Filter>Файлы заголовков\backend\UserCode</Filter>
    </ClInclude>
    <ClInclude Include="backend\UserCode\UserCode.h">
      <Filter>Файлы заголовков\backend\UserCode</Filter>
    </ClInclude>
    <ClInclude Include="backend\BackHeaders.h">
      <Filter>Файлы заголовков\backend</Filter>
    </ClInclude>
    <ClInclude Include="frontend\DrawFunctions.h">
      <Filter>Файлы заголовков\frontend</Filter>
    </ClInclude>
    <ClInclude Include="frontend\GameMaster.h">
      <Filter>Файлы заголовков\frontend</Filter>
    </ClInclude>
    <ClInclude Include="frontend\lists\GameStatuses.h">
      <Filter>Файлы заголовков\frontend\lists</Filter>
    </ClInclude>
    <ClInclude Include="frontend\lists\UserCommands.h">
      <Filter>Файлы заголовков\frontend\lists</Filter>
    </ClInclude>
  </ItemGroup>
</Project>